// !$*UTF8*$!
{
	archiveVersion = 1;
	classes = {
	};
	objectVersion = 56;
	objects = {

/* Begin PBXBuildFile section */
		ED6819B92A0D18220004DAF6 /* GoogleService-Info.plist in Resources */ = {isa = PBXBuildFile; fileRef = ED6819B82A0D18220004DAF6 /* GoogleService-Info.plist */; };
		ED6819BC2A0D1EA50004DAF6 /* FirebaseAnalytics in Frameworks */ = {isa = PBXBuildFile; productRef = ED6819BB2A0D1EA50004DAF6 /* FirebaseAnalytics */; };
		ED6819BE2A0D1EA50004DAF6 /* FirebaseAuth in Frameworks */ = {isa = PBXBuildFile; productRef = ED6819BD2A0D1EA50004DAF6 /* FirebaseAuth */; };
		ED6819C02A0D1EA50004DAF6 /* FirebaseCrashlytics in Frameworks */ = {isa = PBXBuildFile; productRef = ED6819BF2A0D1EA50004DAF6 /* FirebaseCrashlytics */; };
		ED6819C22A0D1EA50004DAF6 /* FirebaseDatabase in Frameworks */ = {isa = PBXBuildFile; productRef = ED6819C12A0D1EA50004DAF6 /* FirebaseDatabase */; };
		ED6819C42A0D1EA50004DAF6 /* FirebaseFirestore in Frameworks */ = {isa = PBXBuildFile; productRef = ED6819C32A0D1EA50004DAF6 /* FirebaseFirestore */; };
		ED6819C62A0D1EA50004DAF6 /* FirebaseStorage in Frameworks */ = {isa = PBXBuildFile; productRef = ED6819C52A0D1EA50004DAF6 /* FirebaseStorage */; };
		ED6819CA2A0D28AE0004DAF6 /* DatabaseManager.swift in Sources */ = {isa = PBXBuildFile; fileRef = ED6819C92A0D28AE0004DAF6 /* DatabaseManager.swift */; };
		ED6819CC2A0D29620004DAF6 /* AuthManager.swift in Sources */ = {isa = PBXBuildFile; fileRef = ED6819CB2A0D29620004DAF6 /* AuthManager.swift */; };
		ED6819CE2A0D297F0004DAF6 /* StorageManager.swift in Sources */ = {isa = PBXBuildFile; fileRef = ED6819CD2A0D297F0004DAF6 /* StorageManager.swift */; };
		ED6819D12A0D33520004DAF6 /* SnapKit in Frameworks */ = {isa = PBXBuildFile; productRef = ED6819D02A0D33520004DAF6 /* SnapKit */; };
		ED7DB7542A0CBBDB00C63D9B /* AppDelegate.swift in Sources */ = {isa = PBXBuildFile; fileRef = ED7DB7532A0CBBDB00C63D9B /* AppDelegate.swift */; };
		ED7DB7562A0CBBDB00C63D9B /* SceneDelegate.swift in Sources */ = {isa = PBXBuildFile; fileRef = ED7DB7552A0CBBDB00C63D9B /* SceneDelegate.swift */; };
		ED7DB7582A0CBBDB00C63D9B /* HomeViewController.swift in Sources */ = {isa = PBXBuildFile; fileRef = ED7DB7572A0CBBDB00C63D9B /* HomeViewController.swift */; };
		ED7DB75B2A0CBBDB00C63D9B /* Main.storyboard in Resources */ = {isa = PBXBuildFile; fileRef = ED7DB7592A0CBBDB00C63D9B /* Main.storyboard */; };
		ED7DB75D2A0CBBDD00C63D9B /* Assets.xcassets in Resources */ = {isa = PBXBuildFile; fileRef = ED7DB75C2A0CBBDD00C63D9B /* Assets.xcassets */; };
		ED7DB7602A0CBBDD00C63D9B /* LaunchScreen.storyboard in Resources */ = {isa = PBXBuildFile; fileRef = ED7DB75E2A0CBBDD00C63D9B /* LaunchScreen.storyboard */; };
		ED7DB76D2A0CBCC700C63D9B /* ExploreViewController.swift in Sources */ = {isa = PBXBuildFile; fileRef = ED7DB76C2A0CBCC700C63D9B /* ExploreViewController.swift */; };
		ED7DB76F2A0CBCD000C63D9B /* CameraViewController.swift in Sources */ = {isa = PBXBuildFile; fileRef = ED7DB76E2A0CBCD000C63D9B /* CameraViewController.swift */; };
		ED7DB7712A0CBD0000C63D9B /* NotificationViewController.swift in Sources */ = {isa = PBXBuildFile; fileRef = ED7DB7702A0CBD0000C63D9B /* NotificationViewController.swift */; };
		ED7DB7732A0CBD0700C63D9B /* ProfileViewController.swift in Sources */ = {isa = PBXBuildFile; fileRef = ED7DB7722A0CBD0700C63D9B /* ProfileViewController.swift */; };
		ED7DB7772A0CBD5B00C63D9B /* PostViewController.swift in Sources */ = {isa = PBXBuildFile; fileRef = ED7DB7762A0CBD5B00C63D9B /* PostViewController.swift */; };
		ED7DB77A2A0CBDB200C63D9B /* EditProfileViewController.swift in Sources */ = {isa = PBXBuildFile; fileRef = ED7DB7792A0CBDB200C63D9B /* EditProfileViewController.swift */; };
		ED7DB77C2A0CBDC900C63D9B /* SettingViewController.swift in Sources */ = {isa = PBXBuildFile; fileRef = ED7DB77B2A0CBDC900C63D9B /* SettingViewController.swift */; };
		ED7DB77E2A0CBDF600C63D9B /* ListViewController.swift in Sources */ = {isa = PBXBuildFile; fileRef = ED7DB77D2A0CBDF600C63D9B /* ListViewController.swift */; };
		ED7DB7802A0CBE0300C63D9B /* SearchViewController.swift in Sources */ = {isa = PBXBuildFile; fileRef = ED7DB77F2A0CBE0300C63D9B /* SearchViewController.swift */; };
		ED7DB7822A0CBE0E00C63D9B /* SearchResultViewController.swift in Sources */ = {isa = PBXBuildFile; fileRef = ED7DB7812A0CBE0E00C63D9B /* SearchResultViewController.swift */; };
		ED7DB7842A0CBE2D00C63D9B /* PostEditorViewController.swift in Sources */ = {isa = PBXBuildFile; fileRef = ED7DB7832A0CBE2D00C63D9B /* PostEditorViewController.swift */; };
		ED7DB7862A0CBE3E00C63D9B /* PublishPostViewController.swift in Sources */ = {isa = PBXBuildFile; fileRef = ED7DB7852A0CBE3E00C63D9B /* PublishPostViewController.swift */; };
		ED7DB7882A0CBE7000C63D9B /* LoginViewController.swift in Sources */ = {isa = PBXBuildFile; fileRef = ED7DB7872A0CBE7000C63D9B /* LoginViewController.swift */; };
		ED7DB78A2A0CBE7B00C63D9B /* RegisterViewController.swift in Sources */ = {isa = PBXBuildFile; fileRef = ED7DB7892A0CBE7B00C63D9B /* RegisterViewController.swift */; };
/* End PBXBuildFile section */

/* Begin PBXFileReference section */
		ED6819B82A0D18220004DAF6 /* GoogleService-Info.plist */ = {isa = PBXFileReference; fileEncoding = 4; lastKnownFileType = text.plist.xml; path = "GoogleService-Info.plist"; sourceTree = "<group>"; };
		ED6819C92A0D28AE0004DAF6 /* DatabaseManager.swift */ = {isa = PBXFileReference; lastKnownFileType = sourcecode.swift; path = DatabaseManager.swift; sourceTree = "<group>"; };
		ED6819CB2A0D29620004DAF6 /* AuthManager.swift */ = {isa = PBXFileReference; lastKnownFileType = sourcecode.swift; path = AuthManager.swift; sourceTree = "<group>"; };
		ED6819CD2A0D297F0004DAF6 /* StorageManager.swift */ = {isa = PBXFileReference; lastKnownFileType = sourcecode.swift; path = StorageManager.swift; sourceTree = "<group>"; };
		ED7DB7502A0CBBDB00C63D9B /* Instagram.app */ = {isa = PBXFileReference; explicitFileType = wrapper.application; includeInIndex = 0; path = Instagram.app; sourceTree = BUILT_PRODUCTS_DIR; };
		ED7DB7532A0CBBDB00C63D9B /* AppDelegate.swift */ = {isa = PBXFileReference; lastKnownFileType = sourcecode.swift; path = AppDelegate.swift; sourceTree = "<group>"; };
		ED7DB7552A0CBBDB00C63D9B /* SceneDelegate.swift */ = {isa = PBXFileReference; lastKnownFileType = sourcecode.swift; path = SceneDelegate.swift; sourceTree = "<group>"; };
		ED7DB7572A0CBBDB00C63D9B /* HomeViewController.swift */ = {isa = PBXFileReference; lastKnownFileType = sourcecode.swift; path = HomeViewController.swift; sourceTree = "<group>"; };
		ED7DB75A2A0CBBDB00C63D9B /* Base */ = {isa = PBXFileReference; lastKnownFileType = file.storyboard; name = Base; path = Base.lproj/Main.storyboard; sourceTree = "<group>"; };
		ED7DB75C2A0CBBDD00C63D9B /* Assets.xcassets */ = {isa = PBXFileReference; lastKnownFileType = folder.assetcatalog; path = Assets.xcassets; sourceTree = "<group>"; };
		ED7DB75F2A0CBBDD00C63D9B /* Base */ = {isa = PBXFileReference; lastKnownFileType = file.storyboard; name = Base; path = Base.lproj/LaunchScreen.storyboard; sourceTree = "<group>"; };
		ED7DB7612A0CBBDD00C63D9B /* Info.plist */ = {isa = PBXFileReference; lastKnownFileType = text.plist.xml; path = Info.plist; sourceTree = "<group>"; };
		ED7DB76C2A0CBCC700C63D9B /* ExploreViewController.swift */ = {isa = PBXFileReference; lastKnownFileType = sourcecode.swift; path = ExploreViewController.swift; sourceTree = "<group>"; };
		ED7DB76E2A0CBCD000C63D9B /* CameraViewController.swift */ = {isa = PBXFileReference; lastKnownFileType = sourcecode.swift; path = CameraViewController.swift; sourceTree = "<group>"; };
		ED7DB7702A0CBD0000C63D9B /* NotificationViewController.swift */ = {isa = PBXFileReference; lastKnownFileType = sourcecode.swift; path = NotificationViewController.swift; sourceTree = "<group>"; };
		ED7DB7722A0CBD0700C63D9B /* ProfileViewController.swift */ = {isa = PBXFileReference; lastKnownFileType = sourcecode.swift; path = ProfileViewController.swift; sourceTree = "<group>"; };
		ED7DB7762A0CBD5B00C63D9B /* PostViewController.swift */ = {isa = PBXFileReference; lastKnownFileType = sourcecode.swift; path = PostViewController.swift; sourceTree = "<group>"; };
		ED7DB7792A0CBDB200C63D9B /* EditProfileViewController.swift */ = {isa = PBXFileReference; lastKnownFileType = sourcecode.swift; path = EditProfileViewController.swift; sourceTree = "<group>"; };
		ED7DB77B2A0CBDC900C63D9B /* SettingViewController.swift */ = {isa = PBXFileReference; lastKnownFileType = sourcecode.swift; path = SettingViewController.swift; sourceTree = "<group>"; };
		ED7DB77D2A0CBDF600C63D9B /* ListViewController.swift */ = {isa = PBXFileReference; lastKnownFileType = sourcecode.swift; path = ListViewController.swift; sourceTree = "<group>"; };
		ED7DB77F2A0CBE0300C63D9B /* SearchViewController.swift */ = {isa = PBXFileReference; lastKnownFileType = sourcecode.swift; path = SearchViewController.swift; sourceTree = "<group>"; };
		ED7DB7812A0CBE0E00C63D9B /* SearchResultViewController.swift */ = {isa = PBXFileReference; lastKnownFileType = sourcecode.swift; path = SearchResultViewController.swift; sourceTree = "<group>"; };
		ED7DB7832A0CBE2D00C63D9B /* PostEditorViewController.swift */ = {isa = PBXFileReference; lastKnownFileType = sourcecode.swift; path = PostEditorViewController.swift; sourceTree = "<group>"; };
		ED7DB7852A0CBE3E00C63D9B /* PublishPostViewController.swift */ = {isa = PBXFileReference; lastKnownFileType = sourcecode.swift; path = PublishPostViewController.swift; sourceTree = "<group>"; };
		ED7DB7872A0CBE7000C63D9B /* LoginViewController.swift */ = {isa = PBXFileReference; lastKnownFileType = sourcecode.swift; path = LoginViewController.swift; sourceTree = "<group>"; };
		ED7DB7892A0CBE7B00C63D9B /* RegisterViewController.swift */ = {isa = PBXFileReference; lastKnownFileType = sourcecode.swift; path = RegisterViewController.swift; sourceTree = "<group>"; };
/* End PBXFileReference section */

/* Begin PBXFrameworksBuildPhase section */
		ED7DB74D2A0CBBDB00C63D9B /* Frameworks */ = {
			isa = PBXFrameworksBuildPhase;
			buildActionMask = 2147483647;
			files = (
				ED6819C02A0D1EA50004DAF6 /* FirebaseCrashlytics in Frameworks */,
				ED6819BC2A0D1EA50004DAF6 /* FirebaseAnalytics in Frameworks */,
				ED6819C22A0D1EA50004DAF6 /* FirebaseDatabase in Frameworks */,
				ED6819D12A0D33520004DAF6 /* SnapKit in Frameworks */,
				ED6819C42A0D1EA50004DAF6 /* FirebaseFirestore in Frameworks */,
				ED6819BE2A0D1EA50004DAF6 /* FirebaseAuth in Frameworks */,
				ED6819C62A0D1EA50004DAF6 /* FirebaseStorage in Frameworks */,
			);
			runOnlyForDeploymentPostprocessing = 0;
		};
/* End PBXFrameworksBuildPhase section */

/* Begin PBXGroup section */
		ED6819C72A0D25D00004DAF6 /* General */ = {
			isa = PBXGroup;
			children = (
				ED7DB7762A0CBD5B00C63D9B /* PostViewController.swift */,
				ED7DB77B2A0CBDC900C63D9B /* SettingViewController.swift */,
				ED7DB7792A0CBDB200C63D9B /* EditProfileViewController.swift */,
				ED7DB77D2A0CBDF600C63D9B /* ListViewController.swift */,
				ED7DB77F2A0CBE0300C63D9B /* SearchViewController.swift */,
				ED7DB7812A0CBE0E00C63D9B /* SearchResultViewController.swift */,
				ED7DB7832A0CBE2D00C63D9B /* PostEditorViewController.swift */,
				ED7DB7852A0CBE3E00C63D9B /* PublishPostViewController.swift */,
			);
			path = General;
			sourceTree = "<group>";
		};
		ED6819C82A0D289F0004DAF6 /* Services */ = {
			isa = PBXGroup;
			children = (
				ED6819C92A0D28AE0004DAF6 /* DatabaseManager.swift */,
				ED6819CB2A0D29620004DAF6 /* AuthManager.swift */,
				ED6819CD2A0D297F0004DAF6 /* StorageManager.swift */,
			);
			path = Services;
			sourceTree = "<group>";
		};
		ED7DB7472A0CBBDB00C63D9B = {
			isa = PBXGroup;
			children = (
				ED7DB7522A0CBBDB00C63D9B /* Instagram */,
				ED7DB7512A0CBBDB00C63D9B /* Products */,
			);
			sourceTree = "<group>";
		};
		ED7DB7512A0CBBDB00C63D9B /* Products */ = {
			isa = PBXGroup;
			children = (
				ED7DB7502A0CBBDB00C63D9B /* Instagram.app */,
			);
			name = Products;
			sourceTree = "<group>";
		};
		ED7DB7522A0CBBDB00C63D9B /* Instagram */ = {
			isa = PBXGroup;
			children = (
				ED6819C82A0D289F0004DAF6 /* Services */,
				ED7DB76A2A0CBC2A00C63D9B /* Resources */,
				ED7DB7692A0CBC1900C63D9B /* Models */,
				ED7DB76B2A0CBC4400C63D9B /* View */,
				ED7DB7672A0CBBEF00C63D9B /* Controller */,
				ED7DB7612A0CBBDD00C63D9B /* Info.plist */,
			);
			path = Instagram;
			sourceTree = "<group>";
		};
		ED7DB7672A0CBBEF00C63D9B /* Controller */ = {
			isa = PBXGroup;
			children = (
				ED7DB7742A0CBD1B00C63D9B /* Other */,
				ED7DB7782A0CBD7C00C63D9B /* Core Tabs */,
			);
			path = Controller;
			sourceTree = "<group>";
		};
		ED7DB7682A0CBBFA00C63D9B /* Storyboard */ = {
			isa = PBXGroup;
			children = (
				ED7DB7592A0CBBDB00C63D9B /* Main.storyboard */,
				ED7DB75E2A0CBBDD00C63D9B /* LaunchScreen.storyboard */,
			);
			path = Storyboard;
			sourceTree = "<group>";
		};
		ED7DB7692A0CBC1900C63D9B /* Models */ = {
			isa = PBXGroup;
			children = (
			);
			path = Models;
			sourceTree = "<group>";
		};
		ED7DB76A2A0CBC2A00C63D9B /* Resources */ = {
			isa = PBXGroup;
			children = (
				ED7DB7532A0CBBDB00C63D9B /* AppDelegate.swift */,
				ED7DB7552A0CBBDB00C63D9B /* SceneDelegate.swift */,
				ED6819B82A0D18220004DAF6 /* GoogleService-Info.plist */,
			);
			path = Resources;
			sourceTree = "<group>";
		};
		ED7DB76B2A0CBC4400C63D9B /* View */ = {
			isa = PBXGroup;
			children = (
				ED7DB75C2A0CBBDD00C63D9B /* Assets.xcassets */,
				ED7DB7682A0CBBFA00C63D9B /* Storyboard */,
			);
			path = View;
			sourceTree = "<group>";
		};
		ED7DB7742A0CBD1B00C63D9B /* Other */ = {
			isa = PBXGroup;
			children = (
				ED7DB7752A0CBD2800C63D9B /* Onboarding */,
				ED6819C72A0D25D00004DAF6 /* General */,
			);
			path = Other;
			sourceTree = "<group>";
		};
		ED7DB7752A0CBD2800C63D9B /* Onboarding */ = {
			isa = PBXGroup;
			children = (
				ED7DB7872A0CBE7000C63D9B /* LoginViewController.swift */,
				ED7DB7892A0CBE7B00C63D9B /* RegisterViewController.swift */,
			);
			path = Onboarding;
			sourceTree = "<group>";
		};
		ED7DB7782A0CBD7C00C63D9B /* Core Tabs */ = {
			isa = PBXGroup;
			children = (
				ED7DB7572A0CBBDB00C63D9B /* HomeViewController.swift */,
				ED7DB76C2A0CBCC700C63D9B /* ExploreViewController.swift */,
				ED7DB76E2A0CBCD000C63D9B /* CameraViewController.swift */,
				ED7DB7702A0CBD0000C63D9B /* NotificationViewController.swift */,
				ED7DB7722A0CBD0700C63D9B /* ProfileViewController.swift */,
			);
			path = "Core Tabs";
			sourceTree = "<group>";
		};
/* End PBXGroup section */

/* Begin PBXNativeTarget section */
		ED7DB74F2A0CBBDB00C63D9B /* Instagram */ = {
			isa = PBXNativeTarget;
			buildConfigurationList = ED7DB7642A0CBBDD00C63D9B /* Build configuration list for PBXNativeTarget "Instagram" */;
			buildPhases = (
				ED7DB74C2A0CBBDB00C63D9B /* Sources */,
				ED7DB74D2A0CBBDB00C63D9B /* Frameworks */,
				ED7DB74E2A0CBBDB00C63D9B /* Resources */,
			);
			buildRules = (
			);
			dependencies = (
			);
			name = Instagram;
			packageProductDependencies = (
				ED6819BB2A0D1EA50004DAF6 /* FirebaseAnalytics */,
				ED6819BD2A0D1EA50004DAF6 /* FirebaseAuth */,
				ED6819BF2A0D1EA50004DAF6 /* FirebaseCrashlytics */,
				ED6819C12A0D1EA50004DAF6 /* FirebaseDatabase */,
				ED6819C32A0D1EA50004DAF6 /* FirebaseFirestore */,
				ED6819C52A0D1EA50004DAF6 /* FirebaseStorage */,
				ED6819D02A0D33520004DAF6 /* SnapKit */,
			);
			productName = Instagram;
			productReference = ED7DB7502A0CBBDB00C63D9B /* Instagram.app */;
			productType = "com.apple.product-type.application";
		};
/* End PBXNativeTarget section */

/* Begin PBXProject section */
		ED7DB7482A0CBBDB00C63D9B /* Project object */ = {
			isa = PBXProject;
			attributes = {
				BuildIndependentTargetsInParallel = 1;
				LastSwiftUpdateCheck = 1420;
				LastUpgradeCheck = 1420;
				TargetAttributes = {
					ED7DB74F2A0CBBDB00C63D9B = {
						CreatedOnToolsVersion = 14.2;
					};
				};
			};
			buildConfigurationList = ED7DB74B2A0CBBDB00C63D9B /* Build configuration list for PBXProject "Instagram" */;
			compatibilityVersion = "Xcode 14.0";
			developmentRegion = en;
			hasScannedForEncodings = 0;
			knownRegions = (
				en,
				Base,
			);
			mainGroup = ED7DB7472A0CBBDB00C63D9B;
			packageReferences = (
				ED6819BA2A0D1EA50004DAF6 /* XCRemoteSwiftPackageReference "firebase-ios-sdk" */,
				ED6819CF2A0D33510004DAF6 /* XCRemoteSwiftPackageReference "SnapKit" */,
			);
			productRefGroup = ED7DB7512A0CBBDB00C63D9B /* Products */;
			projectDirPath = "";
			projectRoot = "";
			targets = (
				ED7DB74F2A0CBBDB00C63D9B /* Instagram */,
			);
		};
/* End PBXProject section */

/* Begin PBXResourcesBuildPhase section */
		ED7DB74E2A0CBBDB00C63D9B /* Resources */ = {
			isa = PBXResourcesBuildPhase;
			buildActionMask = 2147483647;
			files = (
				ED7DB7602A0CBBDD00C63D9B /* LaunchScreen.storyboard in Resources */,
				ED6819B92A0D18220004DAF6 /* GoogleService-Info.plist in Resources */,
				ED7DB75D2A0CBBDD00C63D9B /* Assets.xcassets in Resources */,
				ED7DB75B2A0CBBDB00C63D9B /* Main.storyboard in Resources */,
			);
			runOnlyForDeploymentPostprocessing = 0;
		};
/* End PBXResourcesBuildPhase section */

/* Begin PBXSourcesBuildPhase section */
		ED7DB74C2A0CBBDB00C63D9B /* Sources */ = {
			isa = PBXSourcesBuildPhase;
			buildActionMask = 2147483647;
			files = (
				ED7DB7772A0CBD5B00C63D9B /* PostViewController.swift in Sources */,
				ED7DB7842A0CBE2D00C63D9B /* PostEditorViewController.swift in Sources */,
				ED7DB76D2A0CBCC700C63D9B /* ExploreViewController.swift in Sources */,
				ED7DB76F2A0CBCD000C63D9B /* CameraViewController.swift in Sources */,
				ED7DB7712A0CBD0000C63D9B /* NotificationViewController.swift in Sources */,
				ED7DB7582A0CBBDB00C63D9B /* HomeViewController.swift in Sources */,
				ED7DB77E2A0CBDF600C63D9B /* ListViewController.swift in Sources */,
				ED6819CE2A0D297F0004DAF6 /* StorageManager.swift in Sources */,
				ED7DB7802A0CBE0300C63D9B /* SearchViewController.swift in Sources */,
				ED6819CA2A0D28AE0004DAF6 /* DatabaseManager.swift in Sources */,
				ED7DB77C2A0CBDC900C63D9B /* SettingViewController.swift in Sources */,
				ED7DB7732A0CBD0700C63D9B /* ProfileViewController.swift in Sources */,
				ED7DB7862A0CBE3E00C63D9B /* PublishPostViewController.swift in Sources */,
				ED7DB7542A0CBBDB00C63D9B /* AppDelegate.swift in Sources */,
				ED7DB7882A0CBE7000C63D9B /* LoginViewController.swift in Sources */,
				ED6819CC2A0D29620004DAF6 /* AuthManager.swift in Sources */,
				ED7DB78A2A0CBE7B00C63D9B /* RegisterViewController.swift in Sources */,
				ED7DB7562A0CBBDB00C63D9B /* SceneDelegate.swift in Sources */,
				ED7DB7822A0CBE0E00C63D9B /* SearchResultViewController.swift in Sources */,
				ED7DB77A2A0CBDB200C63D9B /* EditProfileViewController.swift in Sources */,
			);
			runOnlyForDeploymentPostprocessing = 0;
		};
/* End PBXSourcesBuildPhase section */

/* Begin PBXVariantGroup section */
		ED7DB7592A0CBBDB00C63D9B /* Main.storyboard */ = {
			isa = PBXVariantGroup;
			children = (
				ED7DB75A2A0CBBDB00C63D9B /* Base */,
			);
			name = Main.storyboard;
			sourceTree = "<group>";
		};
		ED7DB75E2A0CBBDD00C63D9B /* LaunchScreen.storyboard */ = {
			isa = PBXVariantGroup;
			children = (
				ED7DB75F2A0CBBDD00C63D9B /* Base */,
			);
			name = LaunchScreen.storyboard;
			sourceTree = "<group>";
		};
/* End PBXVariantGroup section */

/* Begin XCBuildConfiguration section */
		ED7DB7622A0CBBDD00C63D9B /* Debug */ = {
			isa = XCBuildConfiguration;
			buildSettings = {
				ALWAYS_SEARCH_USER_PATHS = NO;
				CLANG_ANALYZER_NONNULL = YES;
				CLANG_ANALYZER_NUMBER_OBJECT_CONVERSION = YES_AGGRESSIVE;
				CLANG_CXX_LANGUAGE_STANDARD = "gnu++20";
				CLANG_ENABLE_MODULES = YES;
				CLANG_ENABLE_OBJC_ARC = YES;
				CLANG_ENABLE_OBJC_WEAK = YES;
				CLANG_WARN_BLOCK_CAPTURE_AUTORELEASING = YES;
				CLANG_WARN_BOOL_CONVERSION = YES;
				CLANG_WARN_COMMA = YES;
				CLANG_WARN_CONSTANT_CONVERSION = YES;
				CLANG_WARN_DEPRECATED_OBJC_IMPLEMENTATIONS = YES;
				CLANG_WARN_DIRECT_OBJC_ISA_USAGE = YES_ERROR;
				CLANG_WARN_DOCUMENTATION_COMMENTS = YES;
				CLANG_WARN_EMPTY_BODY = YES;
				CLANG_WARN_ENUM_CONVERSION = YES;
				CLANG_WARN_INFINITE_RECURSION = YES;
				CLANG_WARN_INT_CONVERSION = YES;
				CLANG_WARN_NON_LITERAL_NULL_CONVERSION = YES;
				CLANG_WARN_OBJC_IMPLICIT_RETAIN_SELF = YES;
				CLANG_WARN_OBJC_LITERAL_CONVERSION = YES;
				CLANG_WARN_OBJC_ROOT_CLASS = YES_ERROR;
				CLANG_WARN_QUOTED_INCLUDE_IN_FRAMEWORK_HEADER = YES;
				CLANG_WARN_RANGE_LOOP_ANALYSIS = YES;
				CLANG_WARN_STRICT_PROTOTYPES = YES;
				CLANG_WARN_SUSPICIOUS_MOVE = YES;
				CLANG_WARN_UNGUARDED_AVAILABILITY = YES_AGGRESSIVE;
				CLANG_WARN_UNREACHABLE_CODE = YES;
				CLANG_WARN__DUPLICATE_METHOD_MATCH = YES;
				COPY_PHASE_STRIP = NO;
				DEBUG_INFORMATION_FORMAT = dwarf;
				ENABLE_STRICT_OBJC_MSGSEND = YES;
				ENABLE_TESTABILITY = YES;
				GCC_C_LANGUAGE_STANDARD = gnu11;
				GCC_DYNAMIC_NO_PIC = NO;
				GCC_NO_COMMON_BLOCKS = YES;
				GCC_OPTIMIZATION_LEVEL = 0;
				GCC_PREPROCESSOR_DEFINITIONS = (
					"DEBUG=1",
					"$(inherited)",
				);
				GCC_WARN_64_TO_32_BIT_CONVERSION = YES;
				GCC_WARN_ABOUT_RETURN_TYPE = YES_ERROR;
				GCC_WARN_UNDECLARED_SELECTOR = YES;
				GCC_WARN_UNINITIALIZED_AUTOS = YES_AGGRESSIVE;
				GCC_WARN_UNUSED_FUNCTION = YES;
				GCC_WARN_UNUSED_VARIABLE = YES;
				IPHONEOS_DEPLOYMENT_TARGET = 13.0;
				MTL_ENABLE_DEBUG_INFO = INCLUDE_SOURCE;
				MTL_FAST_MATH = YES;
				ONLY_ACTIVE_ARCH = YES;
				SDKROOT = iphoneos;
				SWIFT_ACTIVE_COMPILATION_CONDITIONS = DEBUG;
				SWIFT_OPTIMIZATION_LEVEL = "-Onone";
			};
			name = Debug;
		};
		ED7DB7632A0CBBDD00C63D9B /* Release */ = {
			isa = XCBuildConfiguration;
			buildSettings = {
				ALWAYS_SEARCH_USER_PATHS = NO;
				CLANG_ANALYZER_NONNULL = YES;
				CLANG_ANALYZER_NUMBER_OBJECT_CONVERSION = YES_AGGRESSIVE;
				CLANG_CXX_LANGUAGE_STANDARD = "gnu++20";
				CLANG_ENABLE_MODULES = YES;
				CLANG_ENABLE_OBJC_ARC = YES;
				CLANG_ENABLE_OBJC_WEAK = YES;
				CLANG_WARN_BLOCK_CAPTURE_AUTORELEASING = YES;
				CLANG_WARN_BOOL_CONVERSION = YES;
				CLANG_WARN_COMMA = YES;
				CLANG_WARN_CONSTANT_CONVERSION = YES;
				CLANG_WARN_DEPRECATED_OBJC_IMPLEMENTATIONS = YES;
				CLANG_WARN_DIRECT_OBJC_ISA_USAGE = YES_ERROR;
				CLANG_WARN_DOCUMENTATION_COMMENTS = YES;
				CLANG_WARN_EMPTY_BODY = YES;
				CLANG_WARN_ENUM_CONVERSION = YES;
				CLANG_WARN_INFINITE_RECURSION = YES;
				CLANG_WARN_INT_CONVERSION = YES;
				CLANG_WARN_NON_LITERAL_NULL_CONVERSION = YES;
				CLANG_WARN_OBJC_IMPLICIT_RETAIN_SELF = YES;
				CLANG_WARN_OBJC_LITERAL_CONVERSION = YES;
				CLANG_WARN_OBJC_ROOT_CLASS = YES_ERROR;
				CLANG_WARN_QUOTED_INCLUDE_IN_FRAMEWORK_HEADER = YES;
				CLANG_WARN_RANGE_LOOP_ANALYSIS = YES;
				CLANG_WARN_STRICT_PROTOTYPES = YES;
				CLANG_WARN_SUSPICIOUS_MOVE = YES;
				CLANG_WARN_UNGUARDED_AVAILABILITY = YES_AGGRESSIVE;
				CLANG_WARN_UNREACHABLE_CODE = YES;
				CLANG_WARN__DUPLICATE_METHOD_MATCH = YES;
				COPY_PHASE_STRIP = NO;
				DEBUG_INFORMATION_FORMAT = "dwarf-with-dsym";
				ENABLE_NS_ASSERTIONS = NO;
				ENABLE_STRICT_OBJC_MSGSEND = YES;
				GCC_C_LANGUAGE_STANDARD = gnu11;
				GCC_NO_COMMON_BLOCKS = YES;
				GCC_WARN_64_TO_32_BIT_CONVERSION = YES;
				GCC_WARN_ABOUT_RETURN_TYPE = YES_ERROR;
				GCC_WARN_UNDECLARED_SELECTOR = YES;
				GCC_WARN_UNINITIALIZED_AUTOS = YES_AGGRESSIVE;
				GCC_WARN_UNUSED_FUNCTION = YES;
				GCC_WARN_UNUSED_VARIABLE = YES;
				IPHONEOS_DEPLOYMENT_TARGET = 13.0;
				MTL_ENABLE_DEBUG_INFO = NO;
				MTL_FAST_MATH = YES;
				SDKROOT = iphoneos;
				SWIFT_COMPILATION_MODE = wholemodule;
				SWIFT_OPTIMIZATION_LEVEL = "-O";
				VALIDATE_PRODUCT = YES;
			};
			name = Release;
		};
		ED7DB7652A0CBBDD00C63D9B /* Debug */ = {
			isa = XCBuildConfiguration;
			buildSettings = {
				ASSETCATALOG_COMPILER_APPICON_NAME = AppIcon;
				ASSETCATALOG_COMPILER_GLOBAL_ACCENT_COLOR_NAME = AccentColor;
				CODE_SIGN_STYLE = Automatic;
				CURRENT_PROJECT_VERSION = 1;
				DEVELOPMENT_TEAM = 9626PS532X;
				GENERATE_INFOPLIST_FILE = YES;
				INFOPLIST_FILE = Instagram/Info.plist;
				INFOPLIST_KEY_UIApplicationSupportsIndirectInputEvents = YES;
				INFOPLIST_KEY_UILaunchStoryboardName = LaunchScreen;
				INFOPLIST_KEY_UIMainStoryboardFile = Main;
				INFOPLIST_KEY_UISupportedInterfaceOrientations = UIInterfaceOrientationPortrait;
				INFOPLIST_KEY_UISupportedInterfaceOrientations_iPad = "UIInterfaceOrientationPortrait UIInterfaceOrientationPortraitUpsideDown";
				LD_RUNPATH_SEARCH_PATHS = (
					"$(inherited)",
					"@executable_path/Frameworks",
				);
				MARKETING_VERSION = 1.0;
				PRODUCT_BUNDLE_IDENTIFIER = nurmukhanbet.sertay.Instagram;
				PRODUCT_NAME = "$(TARGET_NAME)";
				SWIFT_EMIT_LOC_STRINGS = YES;
				SWIFT_VERSION = 5.0;
				TARGETED_DEVICE_FAMILY = "1,2";
			};
			name = Debug;
		};
		ED7DB7662A0CBBDD00C63D9B /* Release */ = {
			isa = XCBuildConfiguration;
			buildSettings = {
				ASSETCATALOG_COMPILER_APPICON_NAME = AppIcon;
				ASSETCATALOG_COMPILER_GLOBAL_ACCENT_COLOR_NAME = AccentColor;
				CODE_SIGN_STYLE = Automatic;
				CURRENT_PROJECT_VERSION = 1;
				DEVELOPMENT_TEAM = 9626PS532X;
				GENERATE_INFOPLIST_FILE = YES;
				INFOPLIST_FILE = Instagram/Info.plist;
				INFOPLIST_KEY_UIApplicationSupportsIndirectInputEvents = YES;
				INFOPLIST_KEY_UILaunchStoryboardName = LaunchScreen;
				INFOPLIST_KEY_UIMainStoryboardFile = Main;
				INFOPLIST_KEY_UISupportedInterfaceOrientations = UIInterfaceOrientationPortrait;
				INFOPLIST_KEY_UISupportedInterfaceOrientations_iPad = "UIInterfaceOrientationPortrait UIInterfaceOrientationPortraitUpsideDown";
				LD_RUNPATH_SEARCH_PATHS = (
					"$(inherited)",
					"@executable_path/Frameworks",
				);
				MARKETING_VERSION = 1.0;
				PRODUCT_BUNDLE_IDENTIFIER = nurmukhanbet.sertay.Instagram;
				PRODUCT_NAME = "$(TARGET_NAME)";
				SWIFT_EMIT_LOC_STRINGS = YES;
				SWIFT_VERSION = 5.0;
				TARGETED_DEVICE_FAMILY = "1,2";
			};
			name = Release;
		};
/* End XCBuildConfiguration section */

/* Begin XCConfigurationList section */
		ED7DB74B2A0CBBDB00C63D9B /* Build configuration list for PBXProject "Instagram" */ = {
			isa = XCConfigurationList;
			buildConfigurations = (
				ED7DB7622A0CBBDD00C63D9B /* Debug */,
				ED7DB7632A0CBBDD00C63D9B /* Release */,
			);
			defaultConfigurationIsVisible = 0;
			defaultConfigurationName = Release;
		};
		ED7DB7642A0CBBDD00C63D9B /* Build configuration list for PBXNativeTarget "Instagram" */ = {
			isa = XCConfigurationList;
			buildConfigurations = (
				ED7DB7652A0CBBDD00C63D9B /* Debug */,
				ED7DB7662A0CBBDD00C63D9B /* Release */,
			);
			defaultConfigurationIsVisible = 0;
			defaultConfigurationName = Release;
		};
/* End XCConfigurationList section */

/* Begin XCRemoteSwiftPackageReference section */
		ED6819BA2A0D1EA50004DAF6 /* XCRemoteSwiftPackageReference "firebase-ios-sdk" */ = {
			isa = XCRemoteSwiftPackageReference;
			repositoryURL = "https://github.com/firebase/firebase-ios-sdk";
			requirement = {
				kind = upToNextMajorVersion;
				minimumVersion = 9.0.0;
			};
		};
		ED6819CF2A0D33510004DAF6 /* XCRemoteSwiftPackageReference "SnapKit" */ = {
			isa = XCRemoteSwiftPackageReference;
			repositoryURL = "https://github.com/SnapKit/SnapKit.git";
			requirement = {
				kind = upToNextMajorVersion;
				minimumVersion = 5.0.0;
			};
		};
/* End XCRemoteSwiftPackageReference section */

/* Begin XCSwiftPackageProductDependency section */
		ED6819BB2A0D1EA50004DAF6 /* FirebaseAnalytics */ = {
			isa = XCSwiftPackageProductDependency;
			package = ED6819BA2A0D1EA50004DAF6 /* XCRemoteSwiftPackageReference "firebase-ios-sdk" */;
			productName = FirebaseAnalytics;
		};
		ED6819BD2A0D1EA50004DAF6 /* FirebaseAuth */ = {
			isa = XCSwiftPackageProductDependency;
			package = ED6819BA2A0D1EA50004DAF6 /* XCRemoteSwiftPackageReference "firebase-ios-sdk" */;
			productName = FirebaseAuth;
		};
		ED6819BF2A0D1EA50004DAF6 /* FirebaseCrashlytics */ = {
			isa = XCSwiftPackageProductDependency;
			package = ED6819BA2A0D1EA50004DAF6 /* XCRemoteSwiftPackageReference "firebase-ios-sdk" */;
			productName = FirebaseCrashlytics;
		};
		ED6819C12A0D1EA50004DAF6 /* FirebaseDatabase */ = {
			isa = XCSwiftPackageProductDependency;
			package = ED6819BA2A0D1EA50004DAF6 /* XCRemoteSwiftPackageReference "firebase-ios-sdk" */;
			productName = FirebaseDatabase;
		};
		ED6819C32A0D1EA50004DAF6 /* FirebaseFirestore */ = {
			isa = XCSwiftPackageProductDependency;
			package = ED6819BA2A0D1EA50004DAF6 /* XCRemoteSwiftPackageReference "firebase-ios-sdk" */;
			productName = FirebaseFirestore;
		};
		ED6819C52A0D1EA50004DAF6 /* FirebaseStorage */ = {
			isa = XCSwiftPackageProductDependency;
			package = ED6819BA2A0D1EA50004DAF6 /* XCRemoteSwiftPackageReference "firebase-ios-sdk" */;
			productName = FirebaseStorage;
		};
		ED6819D02A0D33520004DAF6 /* SnapKit */ = {
			isa = XCSwiftPackageProductDependency;
			package = ED6819CF2A0D33510004DAF6 /* XCRemoteSwiftPackageReference "SnapKit" */;
			productName = SnapKit;
		};
/* End XCSwiftPackageProductDependency section */
	};
	rootObject = ED7DB7482A0CBBDB00C63D9B /* Project object */;
}
